
Microsoft Visual Studio Solution File, Format Version 12.00
# Visual Studio Version 17
VisualStudioVersion = 17.4.33110.190
MinimumVisualStudioVersion = 10.0.40219.1
Project("{FAE04EC0-301F-11D3-BF4B-00C04F79EFBC}") = "FiveWordsFiveLetters.WPF", "FiveWordsFiveLetters.WPF\FiveWordsFiveLetters.WPF.csproj", "{A3951C6F-B500-4B6A-9F75-24BB00B29DA0}"
EndProject
Project("{FAE04EC0-301F-11D3-BF4B-00C04F79EFBC}") = "FiveWordsFiveLetters.BL", "FiveWordsFiveLetters.BL\FiveWordsFiveLetters.BL.csproj", "{43D5457C-53CA-40B9-8B9C-25C46961D7A3}"
EndProject
Global
	GlobalSection(SolutionConfigurationPlatforms) = preSolution
		Debug|Any CPU = Debug|Any CPU
		Release|Any CPU = Release|Any CPU
	EndGlobalSection
	GlobalSection(ProjectConfigurationPlatforms) = postSolution
		{A3951C6F-B500-4B6A-9F75-24BB00B29DA0}.Debug|Any CPU.ActiveCfg = Debug|Any CPU
		{A3951C6F-B500-4B6A-9F75-24BB00B29DA0}.Debug|Any CPU.Build.0 = Debug|Any CPU
		{A3951C6F-B500-4B6A-9F75-24BB00B29DA0}.Release|Any CPU.ActiveCfg = Release|Any CPU
		{A3951C6F-B500-4B6A-9F75-24BB00B29DA0}.Release|Any CPU.Build.0 = Release|Any CPU
		{43D5457C-53CA-40B9-8B9C-25C46961D7A3}.Debug|Any CPU.ActiveCfg = Debug|Any CPU
		{43D5457C-53CA-40B9-8B9C-25C46961D7A3}.Debug|Any CPU.Build.0 = Debug|Any CPU
		{43D5457C-53CA-40B9-8B9C-25C46961D7A3}.Release|Any CPU.ActiveCfg = Release|Any CPU
		{43D5457C-53CA-40B9-8B9C-25C46961D7A3}.Release|Any CPU.Build.0 = Release|Any CPU
	EndGlobalSection
	GlobalSection(SolutionProperties) = preSolution
		HideSolutionNode = FALSE
	EndGlobalSection
	GlobalSection(ExtensibilityGlobals) = postSolution
		SolutionGuid = {88776715-A0FC-4A45-83B2-9A597B6C3A1D}
	EndGlobalSection
EndGlobal
